
Microsoft Visual Studio Solution File, Format Version 12.00
# Visual Studio 15
VisualStudioVersion = 15.0.26430.6
MinimumVisualStudioVersion = 10.0.40219.1
Project("{FAE04EC0-301F-11D3-BF4B-00C04F79EFBC}") = "LongIdentifierLibrary", "LongIdentifierLibrary\LongIdentifierLibrary.csproj", "{5AFD0953-5BC0-4553-B8CB-4B4EBF729411}"
EndProject
Project("{FAE04EC0-301F-11D3-BF4B-00C04F79EFBC}") = "WinFormsUI", "WinFormsUI\WinFormsUI.csproj", "{D83C6D91-78C3-4682-9096-E92F6C52BF6A}"
EndProject
Project("{FAE04EC0-301F-11D3-BF4B-00C04F79EFBC}") = "ConsoleUI", "ConsoleUI\ConsoleUI.csproj", "{C0CC3241-1F76-4787-BEEE-2CBF786F91CE}"
EndProject
Project("{FAE04EC0-301F-11D3-BF4B-00C04F79EFBC}") = "LongIdentifierTester", "LongIdentifierTester\LongIdentifierTester.csproj", "{8404404E-6AEE-4AAC-9A6E-1D55B61CEED3}"
EndProject
Project("{FAE04EC0-301F-11D3-BF4B-00C04F79EFBC}") = "Test1ApplicationCore", "Test1ApplicationCore\Test1ApplicationCore.csproj", "{C8CA3869-C78E-4411-917A-ABAEEE5DF0B6}"
EndProject
Global
	GlobalSection(SolutionConfigurationPlatforms) = preSolution
		Debug|Any CPU = Debug|Any CPU
		Release|Any CPU = Release|Any CPU
	EndGlobalSection
	GlobalSection(ProjectConfigurationPlatforms) = postSolution
		{5AFD0953-5BC0-4553-B8CB-4B4EBF729411}.Debug|Any CPU.ActiveCfg = Debug|Any CPU
		{5AFD0953-5BC0-4553-B8CB-4B4EBF729411}.Debug|Any CPU.Build.0 = Debug|Any CPU
		{5AFD0953-5BC0-4553-B8CB-4B4EBF729411}.Release|Any CPU.ActiveCfg = Release|Any CPU
		{5AFD0953-5BC0-4553-B8CB-4B4EBF729411}.Release|Any CPU.Build.0 = Release|Any CPU
		{D83C6D91-78C3-4682-9096-E92F6C52BF6A}.Debug|Any CPU.ActiveCfg = Debug|Any CPU
		{D83C6D91-78C3-4682-9096-E92F6C52BF6A}.Debug|Any CPU.Build.0 = Debug|Any CPU
		{D83C6D91-78C3-4682-9096-E92F6C52BF6A}.Release|Any CPU.ActiveCfg = Release|Any CPU
		{D83C6D91-78C3-4682-9096-E92F6C52BF6A}.Release|Any CPU.Build.0 = Release|Any CPU
		{C0CC3241-1F76-4787-BEEE-2CBF786F91CE}.Debug|Any CPU.ActiveCfg = Debug|Any CPU
		{C0CC3241-1F76-4787-BEEE-2CBF786F91CE}.Debug|Any CPU.Build.0 = Debug|Any CPU
		{C0CC3241-1F76-4787-BEEE-2CBF786F91CE}.Release|Any CPU.ActiveCfg = Release|Any CPU
		{C0CC3241-1F76-4787-BEEE-2CBF786F91CE}.Release|Any CPU.Build.0 = Release|Any CPU
		{8404404E-6AEE-4AAC-9A6E-1D55B61CEED3}.Debug|Any CPU.ActiveCfg = Debug|Any CPU
		{8404404E-6AEE-4AAC-9A6E-1D55B61CEED3}.Debug|Any CPU.Build.0 = Debug|Any CPU
		{8404404E-6AEE-4AAC-9A6E-1D55B61CEED3}.Release|Any CPU.ActiveCfg = Release|Any CPU
		{8404404E-6AEE-4AAC-9A6E-1D55B61CEED3}.Release|Any CPU.Build.0 = Release|Any CPU
		{C8CA3869-C78E-4411-917A-ABAEEE5DF0B6}.Debug|Any CPU.ActiveCfg = Debug|Any CPU
		{C8CA3869-C78E-4411-917A-ABAEEE5DF0B6}.Debug|Any CPU.Build.0 = Debug|Any CPU
		{C8CA3869-C78E-4411-917A-ABAEEE5DF0B6}.Release|Any CPU.ActiveCfg = Release|Any CPU
		{C8CA3869-C78E-4411-917A-ABAEEE5DF0B6}.Release|Any CPU.Build.0 = Release|Any CPU
	EndGlobalSection
	GlobalSection(SolutionProperties) = preSolution
		HideSolutionNode = FALSE
	EndGlobalSection
EndGlobal
